
Microsoft Visual Studio Solution File, Format Version 12.00
# Visual Studio Version 16
VisualStudioVersion = 16.0.31729.503
MinimumVisualStudioVersion = 10.0.40219.1
Project("{FAE04EC0-301F-11D3-BF4B-00C04F79EFBC}") = "Lupus", "Lupus\Lupus.csproj", "{F4D7D285-80A1-497D-BDEE-E3E21D358BD4}"
EndProject
Global
	GlobalSection(SolutionConfigurationPlatforms) = preSolution
		Debug|Any CPU = Debug|Any CPU
		Release|Any CPU = Release|Any CPU
	EndGlobalSection
	GlobalSection(ProjectConfigurationPlatforms) = postSolution
		{F4D7D285-80A1-497D-BDEE-E3E21D358BD4}.Debug|Any CPU.ActiveCfg = Debug|Any CPU
		{F4D7D285-80A1-497D-BDEE-E3E21D358BD4}.Debug|Any CPU.Build.0 = Debug|Any CPU
		{F4D7D285-80A1-497D-BDEE-E3E21D358BD4}.Release|Any CPU.ActiveCfg = Release|Any CPU
		{F4D7D285-80A1-497D-BDEE-E3E21D358BD4}.Release|Any CPU.Build.0 = Release|Any CPU
	EndGlobalSection
	GlobalSection(SolutionProperties) = preSolution
		HideSolutionNode = FALSE
	EndGlobalSection
	GlobalSection(ExtensibilityGlobals) = postSolution
		SolutionGuid = {3170C734-F2CD-4B7A-9B18-3F1A56272BEB}
	EndGlobalSection
EndGlobal
